<?xml version="1.0" encoding="utf-8"?>
<Project ToolsVersion="4.0" xmlns="http://schemas.microsoft.com/developer/msbuild/2003">
  <ItemGroup>
    <Filter Include="Source Files">
      <UniqueIdentifier>{4FC737F1-C7A5-4376-A066-2A32D752A2FF}</UniqueIdentifier>
      <Extensions>cpp;c;cc;cxx;def;odl;idl;hpj;bat;asm;asmx</Extensions>
    </Filter>
    <Filter Include="Header Files">
      <UniqueIdentifier>{93995380-89BD-4b04-88EB-625FBE52EBFB}</UniqueIdentifier>
      <Extensions>h;hh;hpp;hxx;hm;inl;inc;xsd</Extensions>
    </Filter>
    <Filter Include="Resource Files">
      <UniqueIdentifier>{67DA6AB6-F800-4c08-8B7A-83BB121AAD01}</UniqueIdentifier>
      <Extensions>rc;ico;cur;bmp;dlg;rc2;rct;bin;rgs;gif;jpg;jpeg;jpe;resx;tiff;tif;png;wav;mfcribbon-ms</Extensions>
    </Filter>
    <Filter Include="Source Files\Soundfile">
      <UniqueIdentifier>{40bc8a14-e5ec-479e-bdea-eebcde36b580}</UniqueIdentifier>
    </Filter>
  </ItemGroup>
  <ItemGroup>
    <Text Include="ReadMe.txt" />
  </ItemGroup>
  <ItemGroup>
    <ClInclude Include="targetver.h">
      <Filter>Header Files</Filter>
    </ClInclude>
    <ClInclude Include="Resource.h">
      <Filter>Header Files</Filter>
    </ClInclude>
    <ClInclude Include="JamBot.h">
      <Filter>Header Files</Filter>
    </ClInclude>
    <ClInclude Include="Constructs.h">
      <Filter>Header Files</Filter>
    </ClInclude>
    <ClInclude Include="Helpers.h">
      <Filter>Header Files</Filter>
    </ClInclude>
    <ClInclude Include="Constants.h">
      <Filter>Header Files</Filter>
    </ClInclude>
    <ClInclude Include="OptiAlgo.h">
      <Filter>Header Files</Filter>
    </ClInclude>
    <ClInclude Include="..\include\WavManipulation.h">
      <Filter>Header Files</Filter>
    </ClInclude>
    <ClInclude Include="InputChannelReader.h">
      <Filter>Header Files</Filter>
    </ClInclude>
    <ClInclude Include="DMXOutput.h">
      <Filter>Header Files</Filter>
    </ClInclude>
    <ClInclude Include="ms_stdint.h">
      <Filter>Header Files</Filter>
    </ClInclude>
    <ClInclude Include="FTD2XX.H">
      <Filter>Header Files</Filter>
    </ClInclude>
    <ClInclude Include="LyricStruct.h">
      <Filter>Header Files</Filter>
    </ClInclude>
  </ItemGroup>
  <ItemGroup>
    <ClCompile Include="stdafx.cpp">
      <Filter>Source Files</Filter>
    </ClCompile>
    <ClCompile Include="JamBot.cpp">
      <Filter>Source Files</Filter>
    </ClCompile>
    <ClCompile Include="..\src\soundfilehelpers.cpp">
      <Filter>Source Files\Soundfile</Filter>
    </ClCompile>
    <ClCompile Include="..\src\SoundFileRead.cpp">
      <Filter>Source Files\Soundfile</Filter>
    </ClCompile>
    <ClCompile Include="..\src\SoundFileWrite.cpp">
      <Filter>Source Files\Soundfile</Filter>
    </ClCompile>
    <ClCompile Include="..\src\SoundHeader.cpp">
      <Filter>Source Files\Soundfile</Filter>
    </ClCompile>
    <ClCompile Include="..\src\FileIO.cpp">
      <Filter>Source Files\Soundfile</Filter>
    </ClCompile>
    <ClCompile Include="..\src\Options.cpp">
      <Filter>Source Files\Soundfile</Filter>
    </ClCompile>
    <ClCompile Include="..\src\Options_private.cpp">
      <Filter>Source Files\Soundfile</Filter>
    </ClCompile>
    <ClCompile Include="Constructs.cpp">
      <Filter>Source Files</Filter>
    </ClCompile>
    <ClCompile Include="Helpers.cpp">
      <Filter>Source Files</Filter>
    </ClCompile>
    <ClCompile Include="OptiAlgo.cpp">
      <Filter>Source Files</Filter>
    </ClCompile>
    <ClCompile Include="WavManipulation.cpp">
      <Filter>Source Files</Filter>
    </ClCompile>
    <ClCompile Include="InputChannelReader.cpp">
      <Filter>Source Files</Filter>
    </ClCompile>
    <ClCompile Include="DMXOutput.cpp">
      <Filter>Source Files</Filter>
    </ClCompile>
    <ClCompile Include="LyricStruct.cpp">
      <Filter>Source Files</Filter>
    </ClCompile>
  </ItemGroup>
  <ItemGroup>
    <ResourceCompile Include="JamBot.rc">
      <Filter>Resource Files</Filter>
    </ResourceCompile>
  </ItemGroup>
  <ItemGroup>
    <Image Include="small.ico">
      <Filter>Resource Files</Filter>
    </Image>
    <Image Include="JamBot.ico">
      <Filter>Resource Files</Filter>
    </Image>
  </ItemGroup>
  <ItemGroup>
    <Xml Include="..\org.gtk.Settings.ColorChooser.xml">
      <Filter>Resource Files</Filter>
    </Xml>
    <Xml Include="..\org.gtk.Settings.FileChooser.xml">
      <Filter>Resource Files</Filter>
    </Xml>
  </ItemGroup>
</Project>